
Microsoft Visual Studio Solution File, Format Version 12.00
# Visual Studio Version 17
VisualStudioVersion = 17.11.35312.102
MinimumVisualStudioVersion = 10.0.40219.1
Project("{FAE04EC0-301F-11D3-BF4B-00C04F79EFBC}") = "SredniaWazona", "KolosCzata2\SredniaWazona.csproj", "{50809A43-CCF5-443B-B79F-3D6FFEDD46FA}"
EndProject
Project("{FAE04EC0-301F-11D3-BF4B-00C04F79EFBC}") = "PierwszeFibbonaci", "PierwszeFibbonaci\PierwszeFibbonaci.csproj", "{7A4E8F2D-0FDC-4E96-90A4-911AF189CDA3}"
EndProject
Project("{FAE04EC0-301F-11D3-BF4B-00C04F79EFBC}") = "SortowanieOsób", "SortowanieOsób\SortowanieOsób.csproj", "{C02647FF-DABA-484A-96A9-E78B291A279A}"
EndProject
Global
	GlobalSection(SolutionConfigurationPlatforms) = preSolution
		Debug|Any CPU = Debug|Any CPU
		Release|Any CPU = Release|Any CPU
	EndGlobalSection
	GlobalSection(ProjectConfigurationPlatforms) = postSolution
		{50809A43-CCF5-443B-B79F-3D6FFEDD46FA}.Debug|Any CPU.ActiveCfg = Debug|Any CPU
		{50809A43-CCF5-443B-B79F-3D6FFEDD46FA}.Debug|Any CPU.Build.0 = Debug|Any CPU
		{50809A43-CCF5-443B-B79F-3D6FFEDD46FA}.Release|Any CPU.ActiveCfg = Release|Any CPU
		{50809A43-CCF5-443B-B79F-3D6FFEDD46FA}.Release|Any CPU.Build.0 = Release|Any CPU
		{7A4E8F2D-0FDC-4E96-90A4-911AF189CDA3}.Debug|Any CPU.ActiveCfg = Debug|Any CPU
		{7A4E8F2D-0FDC-4E96-90A4-911AF189CDA3}.Debug|Any CPU.Build.0 = Debug|Any CPU
		{7A4E8F2D-0FDC-4E96-90A4-911AF189CDA3}.Release|Any CPU.ActiveCfg = Release|Any CPU
		{7A4E8F2D-0FDC-4E96-90A4-911AF189CDA3}.Release|Any CPU.Build.0 = Release|Any CPU
		{C02647FF-DABA-484A-96A9-E78B291A279A}.Debug|Any CPU.ActiveCfg = Debug|Any CPU
		{C02647FF-DABA-484A-96A9-E78B291A279A}.Debug|Any CPU.Build.0 = Debug|Any CPU
		{C02647FF-DABA-484A-96A9-E78B291A279A}.Release|Any CPU.ActiveCfg = Release|Any CPU
		{C02647FF-DABA-484A-96A9-E78B291A279A}.Release|Any CPU.Build.0 = Release|Any CPU
	EndGlobalSection
	GlobalSection(SolutionProperties) = preSolution
		HideSolutionNode = FALSE
	EndGlobalSection
	GlobalSection(ExtensibilityGlobals) = postSolution
		SolutionGuid = {C0841A4E-B1FF-4D94-9033-F3AA36422F31}
	EndGlobalSection
EndGlobal
